
Microsoft Visual Studio Solution File, Format Version 12.00
# Visual Studio Version 16
VisualStudioVersion = 16.0.30002.166
MinimumVisualStudioVersion = 10.0.40219.1
Project("{FAE04EC0-301F-11D3-BF4B-00C04F79EFBC}") = "Munchkin_app", "Munchkin_app\Munchkin_app.csproj", "{141EEAC1-E2E0-47D5-BBD6-26F949E7618E}"
EndProject
Project("{FAE04EC0-301F-11D3-BF4B-00C04F79EFBC}") = "Munchkin_MODELS", "Munchkin_MODELS\Munchkin_MODELS.csproj", "{AB400689-115D-43AE-B029-E79BFB9150CA}"
EndProject
Global
	GlobalSection(SolutionConfigurationPlatforms) = preSolution
		Debug|Any CPU = Debug|Any CPU
		Release|Any CPU = Release|Any CPU
	EndGlobalSection
	GlobalSection(ProjectConfigurationPlatforms) = postSolution
		{141EEAC1-E2E0-47D5-BBD6-26F949E7618E}.Debug|Any CPU.ActiveCfg = Debug|Any CPU
		{141EEAC1-E2E0-47D5-BBD6-26F949E7618E}.Debug|Any CPU.Build.0 = Debug|Any CPU
		{141EEAC1-E2E0-47D5-BBD6-26F949E7618E}.Release|Any CPU.ActiveCfg = Release|Any CPU
		{141EEAC1-E2E0-47D5-BBD6-26F949E7618E}.Release|Any CPU.Build.0 = Release|Any CPU
		{AB400689-115D-43AE-B029-E79BFB9150CA}.Debug|Any CPU.ActiveCfg = Debug|Any CPU
		{AB400689-115D-43AE-B029-E79BFB9150CA}.Debug|Any CPU.Build.0 = Debug|Any CPU
		{AB400689-115D-43AE-B029-E79BFB9150CA}.Release|Any CPU.ActiveCfg = Release|Any CPU
		{AB400689-115D-43AE-B029-E79BFB9150CA}.Release|Any CPU.Build.0 = Release|Any CPU
	EndGlobalSection
	GlobalSection(SolutionProperties) = preSolution
		HideSolutionNode = FALSE
	EndGlobalSection
	GlobalSection(ExtensibilityGlobals) = postSolution
		SolutionGuid = {65C870FA-1934-4899-859D-93FBAFB8CCA3}
	EndGlobalSection
EndGlobal
